# THIS IS AN AUTOGENERATED FILE. DO NOT EDIT THIS FILE DIRECTLY.
# yarn lockfile v1


"@babel/runtime-corejs3@^7.24.4":
  version "7.28.4"
  resolved "https://registry.yarnpkg.com/@babel/runtime-corejs3/-/runtime-corejs3-7.28.4.tgz#c25be39c7997ce2f130d70b9baecb8ed94df93fa"
  integrity sha512-h7iEYiW4HebClDEhtvFObtPmIvrd1SSfpI9EhOeKk4CtIK/ngBWFpuhCzhdmRKtg71ylcue+9I6dv54XYO1epQ==
  dependencies:
    core-js-pure "^3.43.0"

core-js-pure@^3.43.0:
  version "3.46.0"
  resolved "https://registry.yarnpkg.com/core-js-pure/-/core-js-pure-3.46.0.tgz#9bb80248584c6334bb54cd381b0f41c619ef1b43"
  integrity sha512-NMCW30bHNofuhwLhYPt66OLOKTMbOhgTTatKVbaQC3KRHpTCiRIBYvtshr+NBYSnBxwAFhjW/RfJ0XbIjS16rw==

imask@^7.6.1:
  version "7.6.1"
  resolved "https://registry.yarnpkg.com/imask/-/imask-7.6.1.tgz#04fa4693bf47a4a71bbf7325408e0d058a74dcad"
  integrity sha512-sJlIFM7eathUEMChTh9Mrfw/IgiWgJqBKq2VNbyXvBZ7ev/IlO6/KQTKlV/Fm+viQMLrFLG/zCuudrLIwgK2dg==
  dependencies:
    "@babel/runtime-corejs3" "^7.24.4"

vue-demi@^0.14.7:
  version "0.14.10"
  resolved "https://registry.yarnpkg.com/vue-demi/-/vue-demi-0.14.10.tgz#afc78de3d6f9e11bf78c55e8510ee12814522f04"
  integrity sha512-nMZBOwuzabUO0nLgIcc6rycZEebF6eeUfaiQx9+WSk8e29IbLvPU9feI6tqW4kTo3hvoYAJkMh8n8D0fuISphg==

vue-imask@^7.6.1:
  version "7.6.1"
  resolved "https://registry.yarnpkg.com/vue-imask/-/vue-imask-7.6.1.tgz#e455a09db0109b8c2f16ca4e9ecf9fbcb5adb4a5"
  integrity sha512-/5ZVNerI9Dn6gZ/cSCYGiZK4JHdwsEBgHBTRpVwS2U0URxK/Jt5FlQuoL1DhbxC6t4ElcVMWYOvkE2hR8hdt1w==
  dependencies:
    imask "^7.6.1"
    vue-demi "^0.14.7"
